
Microsoft Visual Studio Solution File, Format Version 12.00
# Visual Studio Version 17
VisualStudioVersion = 17.4.33205.214
MinimumVisualStudioVersion = 10.0.40219.1
Project("{FAE04EC0-301F-11D3-BF4B-00C04F79EFBC}") = "p5rpc.personaEXPShare", "p5rpc.personaEXPShare\p5rpc.personaEXPShare.csproj", "{C482E7CC-F513-4F2C-9D20-F81C238BDB9D}"
EndProject
Global
	GlobalSection(SolutionConfigurationPlatforms) = preSolution
		Debug|Any CPU = Debug|Any CPU
		Release|Any CPU = Release|Any CPU
	EndGlobalSection
	GlobalSection(ProjectConfigurationPlatforms) = postSolution
		{C482E7CC-F513-4F2C-9D20-F81C238BDB9D}.Debug|Any CPU.ActiveCfg = Debug|Any CPU
		{C482E7CC-F513-4F2C-9D20-F81C238BDB9D}.Debug|Any CPU.Build.0 = Debug|Any CPU
		{C482E7CC-F513-4F2C-9D20-F81C238BDB9D}.Release|Any CPU.ActiveCfg = Release|Any CPU
		{C482E7CC-F513-4F2C-9D20-F81C238BDB9D}.Release|Any CPU.Build.0 = Release|Any CPU
	EndGlobalSection
	GlobalSection(SolutionProperties) = preSolution
		HideSolutionNode = FALSE
	EndGlobalSection
	GlobalSection(ExtensibilityGlobals) = postSolution
		SolutionGuid = {BA9C235F-B7AA-44AD-B59A-C2D756152340}
	EndGlobalSection
EndGlobal
